// !$*UTF8*$!
{
	archiveVersion = 1;
	classes = {
	};
	objectVersion = 55;
	objects = {

/* Begin PBXBuildFile section */
		87CA19C027C410BA00A8D915 /* viperExampleApp.swift in Sources */ = {isa = PBXBuildFile; fileRef = 87CA19BF27C410BA00A8D915 /* viperExampleApp.swift */; };
		87CA19C227C410BA00A8D915 /* ContentView.swift in Sources */ = {isa = PBXBuildFile; fileRef = 87CA19C127C410BA00A8D915 /* ContentView.swift */; };
		87CA19C427C410BD00A8D915 /* Assets.xcassets in Resources */ = {isa = PBXBuildFile; fileRef = 87CA19C327C410BD00A8D915 /* Assets.xcassets */; };
		87CA19C727C410BD00A8D915 /* Preview Assets.xcassets in Resources */ = {isa = PBXBuildFile; fileRef = 87CA19C627C410BD00A8D915 /* Preview Assets.xcassets */; };
		87CA19D127C410BD00A8D915 /* viperExampleTests.swift in Sources */ = {isa = PBXBuildFile; fileRef = 87CA19D027C410BD00A8D915 /* viperExampleTests.swift */; };
		87CA19DB27C410BD00A8D915 /* viperExampleUITests.swift in Sources */ = {isa = PBXBuildFile; fileRef = 87CA19DA27C410BD00A8D915 /* viperExampleUITests.swift */; };
		87CA19DD27C410BD00A8D915 /* viperExampleUITestsLaunchTests.swift in Sources */ = {isa = PBXBuildFile; fileRef = 87CA19DC27C410BD00A8D915 /* viperExampleUITestsLaunchTests.swift */; };
/* End PBXBuildFile section */

/* Begin PBXContainerItemProxy section */
		87CA19CD27C410BD00A8D915 /* PBXContainerItemProxy */ = {
			isa = PBXContainerItemProxy;
			containerPortal = 87CA19B427C410BA00A8D915 /* Project object */;
			proxyType = 1;
			remoteGlobalIDString = 87CA19BB27C410BA00A8D915;
			remoteInfo = viperExample;
		};
		87CA19D727C410BD00A8D915 /* PBXContainerItemProxy */ = {
			isa = PBXContainerItemProxy;
			containerPortal = 87CA19B427C410BA00A8D915 /* Project object */;
			proxyType = 1;
			remoteGlobalIDString = 87CA19BB27C410BA00A8D915;
			remoteInfo = viperExample;
		};
/* End PBXContainerItemProxy section */

/* Begin PBXFileReference section */
		87CA19BC27C410BA00A8D915 /* viperExample.app */ = {isa = PBXFileReference; explicitFileType = wrapper.application; includeInIndex = 0; path = viperExample.app; sourceTree = BUILT_PRODUCTS_DIR; };
		87CA19BF27C410BA00A8D915 /* viperExampleApp.swift */ = {isa = PBXFileReference; lastKnownFileType = sourcecode.swift; path = viperExampleApp.swift; sourceTree = "<group>"; };
		87CA19C127C410BA00A8D915 /* ContentView.swift */ = {isa = PBXFileReference; lastKnownFileType = sourcecode.swift; path = ContentView.swift; sourceTree = "<group>"; };
		87CA19C327C410BD00A8D915 /* Assets.xcassets */ = {isa = PBXFileReference; lastKnownFileType = folder.assetcatalog; path = Assets.xcassets; sourceTree = "<group>"; };
		87CA19C627C410BD00A8D915 /* Preview Assets.xcassets */ = {isa = PBXFileReference; lastKnownFileType = folder.assetcatalog; path = "Preview Assets.xcassets"; sourceTree = "<group>"; };
		87CA19CC27C410BD00A8D915 /* viperExampleTests.xctest */ = {isa = PBXFileReference; explicitFileType = wrapper.cfbundle; includeInIndex = 0; path = viperExampleTests.xctest; sourceTree = BUILT_PRODUCTS_DIR; };
		87CA19D027C410BD00A8D915 /* viperExampleTests.swift */ = {isa = PBXFileReference; lastKnownFileType = sourcecode.swift; path = viperExampleTests.swift; sourceTree = "<group>"; };
		87CA19D627C410BD00A8D915 /* viperExampleUITests.xctest */ = {isa = PBXFileReference; explicitFileType = wrapper.cfbundle; includeInIndex = 0; path = viperExampleUITests.xctest; sourceTree = BUILT_PRODUCTS_DIR; };
		87CA19DA27C410BD00A8D915 /* viperExampleUITests.swift */ = {isa = PBXFileReference; lastKnownFileType = sourcecode.swift; path = viperExampleUITests.swift; sourceTree = "<group>"; };
		87CA19DC27C410BD00A8D915 /* viperExampleUITestsLaunchTests.swift */ = {isa = PBXFileReference; lastKnownFileType = sourcecode.swift; path = viperExampleUITestsLaunchTests.swift; sourceTree = "<group>"; };
/* End PBXFileReference section */

/* Begin PBXFrameworksBuildPhase section */
		87CA19B927C410BA00A8D915 /* Frameworks */ = {
			isa = PBXFrameworksBuildPhase;
			buildActionMask = 2147483647;
			files = (
			);
			runOnlyForDeploymentPostprocessing = 0;
		};
		87CA19C927C410BD00A8D915 /* Frameworks */ = {
			isa = PBXFrameworksBuildPhase;
			buildActionMask = 2147483647;
			files = (
			);
			runOnlyForDeploymentPostprocessing = 0;
		};
		87CA19D327C410BD00A8D915 /* Frameworks */ = {
			isa = PBXFrameworksBuildPhase;
			buildActionMask = 2147483647;
			files = (
			);
			runOnlyForDeploymentPostprocessing = 0;
		};
/* End PBXFrameworksBuildPhase section */

/* Begin PBXGroup section */
		87CA19B327C410BA00A8D915 = {
			isa = PBXGroup;
			children = (
				87CA19BE27C410BA00A8D915 /* viperExample */,
				87CA19CF27C410BD00A8D915 /* viperExampleTests */,
				87CA19D927C410BD00A8D915 /* viperExampleUITests */,
				87CA19BD27C410BA00A8D915 /* Products */,
			);
			sourceTree = "<group>";
		};
		87CA19BD27C410BA00A8D915 /* Products */ = {
			isa = PBXGroup;
			children = (
				87CA19BC27C410BA00A8D915 /* viperExample.app */,
				87CA19CC27C410BD00A8D915 /* viperExampleTests.xctest */,
				87CA19D627C410BD00A8D915 /* viperExampleUITests.xctest */,
			);
			name = Products;
			sourceTree = "<group>";
		};
		87CA19BE27C410BA00A8D915 /* viperExample */ = {
			isa = PBXGroup;
			children = (
				87CA19BF27C410BA00A8D915 /* viperExampleApp.swift */,
				87CA19C127C410BA00A8D915 /* ContentView.swift */,
				87CA19C327C410BD00A8D915 /* Assets.xcassets */,
				87CA19C527C410BD00A8D915 /* Preview Content */,
			);
			path = viperExample;
			sourceTree = "<group>";
		};
		87CA19C527C410BD00A8D915 /* Preview Content */ = {
			isa = PBXGroup;
			children = (
				87CA19C627C410BD00A8D915 /* Preview Assets.xcassets */,
			);
			path = "Preview Content";
			sourceTree = "<group>";
		};
		87CA19CF27C410BD00A8D915 /* viperExampleTests */ = {
			isa = PBXGroup;
			children = (
				87CA19D027C410BD00A8D915 /* viperExampleTests.swift */,
			);
			path = viperExampleTests;
			sourceTree = "<group>";
		};
		87CA19D927C410BD00A8D915 /* viperExampleUITests */ = {
			isa = PBXGroup;
			children = (
				87CA19DA27C410BD00A8D915 /* viperExampleUITests.swift */,
				87CA19DC27C410BD00A8D915 /* viperExampleUITestsLaunchTests.swift */,
			);
			path = viperExampleUITests;
			sourceTree = "<group>";
		};
/* End PBXGroup section */

/* Begin PBXNativeTarget section */
		87CA19BB27C410BA00A8D915 /* viperExample */ = {
			isa = PBXNativeTarget;
			buildConfigurationList = 87CA19E027C410BD00A8D915 /* Build configuration list for PBXNativeTarget "viperExample" */;
			buildPhases = (
				87CA19B827C410BA00A8D915 /* Sources */,
				87CA19B927C410BA00A8D915 /* Frameworks */,
				87CA19BA27C410BA00A8D915 /* Resources */,
			);
			buildRules = (
			);
			dependencies = (
			);
			name = viperExample;
			productName = viperExample;
			productReference = 87CA19BC27C410BA00A8D915 /* viperExample.app */;
			productType = "com.apple.product-type.application";
		};
		87CA19CB27C410BD00A8D915 /* viperExampleTests */ = {
			isa = PBXNativeTarget;
			buildConfigurationList = 87CA19E327C410BD00A8D915 /* Build configuration list for PBXNativeTarget "viperExampleTests" */;
			buildPhases = (
				87CA19C827C410BD00A8D915 /* Sources */,
				87CA19C927C410BD00A8D915 /* Frameworks */,
				87CA19CA27C410BD00A8D915 /* Resources */,
			);
			buildRules = (
			);
			dependencies = (
				87CA19CE27C410BD00A8D915 /* PBXTargetDependency */,
			);
			name = viperExampleTests;
			productName = viperExampleTests;
			productReference = 87CA19CC27C410BD00A8D915 /* viperExampleTests.xctest */;
			productType = "com.apple.product-type.bundle.unit-test";
		};
		87CA19D527C410BD00A8D915 /* viperExampleUITests */ = {
			isa = PBXNativeTarget;
			buildConfigurationList = 87CA19E627C410BD00A8D915 /* Build configuration list for PBXNativeTarget "viperExampleUITests" */;
			buildPhases = (
				87CA19D227C410BD00A8D915 /* Sources */,
				87CA19D327C410BD00A8D915 /* Frameworks */,
				87CA19D427C410BD00A8D915 /* Resources */,
			);
			buildRules = (
			);
			dependencies = (
				87CA19D827C410BD00A8D915 /* PBXTargetDependency */,
			);
			name = viperExampleUITests;
			productName = viperExampleUITests;
			productReference = 87CA19D627C410BD00A8D915 /* viperExampleUITests.xctest */;
			productType = "com.apple.product-type.bundle.ui-testing";
		};
/* End PBXNativeTarget section */

/* Begin PBXProject section */
		87CA19B427C410BA00A8D915 /* Project object */ = {
			isa = PBXProject;
			attributes = {
				BuildIndependentTargetsInParallel = 1;
				LastSwiftUpdateCheck = 1320;
				LastUpgradeCheck = 1320;
				TargetAttributes = {
					87CA19BB27C410BA00A8D915 = {
						CreatedOnToolsVersion = 13.2.1;
					};
					87CA19CB27C410BD00A8D915 = {
						CreatedOnToolsVersion = 13.2.1;
						TestTargetID = 87CA19BB27C410BA00A8D915;
					};
					87CA19D527C410BD00A8D915 = {
						CreatedOnToolsVersion = 13.2.1;
						TestTargetID = 87CA19BB27C410BA00A8D915;
					};
				};
			};
			buildConfigurationList = 87CA19B727C410BA00A8D915 /* Build configuration list for PBXProject "viperExample" */;
			compatibilityVersion = "Xcode 13.0";
			developmentRegion = en;
			hasScannedForEncodings = 0;
			knownRegions = (
				en,
				Base,
			);
			mainGroup = 87CA19B327C410BA00A8D915;
			productRefGroup = 87CA19BD27C410BA00A8D915 /* Products */;
			projectDirPath = "";
			projectRoot = "";
			targets = (
				87CA19BB27C410BA00A8D915 /* viperExample */,
				87CA19CB27C410BD00A8D915 /* viperExampleTests */,
				87CA19D527C410BD00A8D915 /* viperExampleUITests */,
			);
		};
/* End PBXProject section */

/* Begin PBXResourcesBuildPhase section */
		87CA19BA27C410BA00A8D915 /* Resources */ = {
			isa = PBXResourcesBuildPhase;
			buildActionMask = 2147483647;
			files = (
				87CA19C727C410BD00A8D915 /* Preview Assets.xcassets in Resources */,
				87CA19C427C410BD00A8D915 /* Assets.xcassets in Resources */,
			);
			runOnlyForDeploymentPostprocessing = 0;
		};
		87CA19CA27C410BD00A8D915 /* Resources */ = {
			isa = PBXResourcesBuildPhase;
			buildActionMask = 2147483647;
			files = (
			);
			runOnlyForDeploymentPostprocessing = 0;
		};
		87CA19D427C410BD00A8D915 /* Resources */ = {
			isa = PBXResourcesBuildPhase;
			buildActionMask = 2147483647;
			files = (
			);
			runOnlyForDeploymentPostprocessing = 0;
		};
/* End PBXResourcesBuildPhase section */

/* Begin PBXSourcesBuildPhase section */
		87CA19B827C410BA00A8D915 /* Sources */ = {
			isa = PBXSourcesBuildPhase;
			buildActionMask = 2147483647;
			files = (
				87CA19C227C410BA00A8D915 /* ContentView.swift in Sources */,
				87CA19C027C410BA00A8D915 /* viperExampleApp.swift in Sources */,
			);
			runOnlyForDeploymentPostprocessing = 0;
		};
		87CA19C827C410BD00A8D915 /* Sources */ = {
			isa = PBXSourcesBuildPhase;
			buildActionMask = 2147483647;
			files = (
				87CA19D127C410BD00A8D915 /* viperExampleTests.swift in Sources */,
			);
			runOnlyForDeploymentPostprocessing = 0;
		};
		87CA19D227C410BD00A8D915 /* Sources */ = {
			isa = PBXSourcesBuildPhase;
			buildActionMask = 2147483647;
			files = (
				87CA19DD27C410BD00A8D915 /* viperExampleUITestsLaunchTests.swift in Sources */,
				87CA19DB27C410BD00A8D915 /* viperExampleUITests.swift in Sources */,
			);
			runOnlyForDeploymentPostprocessing = 0;
		};
/* End PBXSourcesBuildPhase section */

/* Begin PBXTargetDependency section */
		87CA19CE27C410BD00A8D915 /* PBXTargetDependency */ = {
			isa = PBXTargetDependency;
			target = 87CA19BB27C410BA00A8D915 /* viperExample */;
			targetProxy = 87CA19CD27C410BD00A8D915 /* PBXContainerItemProxy */;
		};
		87CA19D827C410BD00A8D915 /* PBXTargetDependency */ = {
			isa = PBXTargetDependency;
			target = 87CA19BB27C410BA00A8D915 /* viperExample */;
			targetProxy = 87CA19D727C410BD00A8D915 /* PBXContainerItemProxy */;
		};
/* End PBXTargetDependency section */

/* Begin XCBuildConfiguration section */
		87CA19DE27C410BD00A8D915 /* Debug */ = {
			isa = XCBuildConfiguration;
			buildSettings = {
				ALWAYS_SEARCH_USER_PATHS = NO;
				CLANG_ANALYZER_NONNULL = YES;
				CLANG_ANALYZER_NUMBER_OBJECT_CONVERSION = YES_AGGRESSIVE;
				CLANG_CXX_LANGUAGE_STANDARD = "gnu++17";
				CLANG_CXX_LIBRARY = "libc++";
				CLANG_ENABLE_MODULES = YES;
				CLANG_ENABLE_OBJC_ARC = YES;
				CLANG_ENABLE_OBJC_WEAK = YES;
				CLANG_WARN_BLOCK_CAPTURE_AUTORELEASING = YES;
				CLANG_WARN_BOOL_CONVERSION = YES;
				CLANG_WARN_COMMA = YES;
				CLANG_WARN_CONSTANT_CONVERSION = YES;
				CLANG_WARN_DEPRECATED_OBJC_IMPLEMENTATIONS = YES;
				CLANG_WARN_DIRECT_OBJC_ISA_USAGE = YES_ERROR;
				CLANG_WARN_DOCUMENTATION_COMMENTS = YES;
				CLANG_WARN_EMPTY_BODY = YES;
				CLANG_WARN_ENUM_CONVERSION = YES;
				CLANG_WARN_INFINITE_RECURSION = YES;
				CLANG_WARN_INT_CONVERSION = YES;
				CLANG_WARN_NON_LITERAL_NULL_CONVERSION = YES;
				CLANG_WARN_OBJC_IMPLICIT_RETAIN_SELF = YES;
				CLANG_WARN_OBJC_LITERAL_CONVERSION = YES;
				CLANG_WARN_OBJC_ROOT_CLASS = YES_ERROR;
				CLANG_WARN_QUOTED_INCLUDE_IN_FRAMEWORK_HEADER = YES;
				CLANG_WARN_RANGE_LOOP_ANALYSIS = YES;
				CLANG_WARN_STRICT_PROTOTYPES = YES;
				CLANG_WARN_SUSPICIOUS_MOVE = YES;
				CLANG_WARN_UNGUARDED_AVAILABILITY = YES_AGGRESSIVE;
				CLANG_WARN_UNREACHABLE_CODE = YES;
				CLANG_WARN__DUPLICATE_METHOD_MATCH = YES;
				COPY_PHASE_STRIP = NO;
				DEBUG_INFORMATION_FORMAT = dwarf;
				ENABLE_STRICT_OBJC_MSGSEND = YES;
				ENABLE_TESTABILITY = YES;
				GCC_C_LANGUAGE_STANDARD = gnu11;
				GCC_DYNAMIC_NO_PIC = NO;
				GCC_NO_COMMON_BLOCKS = YES;
				GCC_OPTIMIZATION_LEVEL = 0;
				GCC_PREPROCESSOR_DEFINITIONS = (
					"DEBUG=1",
					"$(inherited)",
				);
				GCC_WARN_64_TO_32_BIT_CONVERSION = YES;
				GCC_WARN_ABOUT_RETURN_TYPE = YES_ERROR;
				GCC_WARN_UNDECLARED_SELECTOR = YES;
				GCC_WARN_UNINITIALIZED_AUTOS = YES_AGGRESSIVE;
				GCC_WARN_UNUSED_FUNCTION = YES;
				GCC_WARN_UNUSED_VARIABLE = YES;
				IPHONEOS_DEPLOYMENT_TARGET = 15.2;
				MTL_ENABLE_DEBUG_INFO = INCLUDE_SOURCE;
				MTL_FAST_MATH = YES;
				ONLY_ACTIVE_ARCH = YES;
				SDKROOT = iphoneos;
				SWIFT_ACTIVE_COMPILATION_CONDITIONS = DEBUG;
				SWIFT_OPTIMIZATION_LEVEL = "-Onone";
			};
			name = Debug;
		};
		87CA19DF27C410BD00A8D915 /* Release */ = {
			isa = XCBuildConfiguration;
			buildSettings = {
				ALWAYS_SEARCH_USER_PATHS = NO;
				CLANG_ANALYZER_NONNULL = YES;
				CLANG_ANALYZER_NUMBER_OBJECT_CONVERSION = YES_AGGRESSIVE;
				CLANG_CXX_LANGUAGE_STANDARD = "gnu++17";
				CLANG_CXX_LIBRARY = "libc++";
				CLANG_ENABLE_MODULES = YES;
				CLANG_ENABLE_OBJC_ARC = YES;
				CLANG_ENABLE_OBJC_WEAK = YES;
				CLANG_WARN_BLOCK_CAPTURE_AUTORELEASING = YES;
				CLANG_WARN_BOOL_CONVERSION = YES;
				CLANG_WARN_COMMA = YES;
				CLANG_WARN_CONSTANT_CONVERSION = YES;
				CLANG_WARN_DEPRECATED_OBJC_IMPLEMENTATIONS = YES;
				CLANG_WARN_DIRECT_OBJC_ISA_USAGE = YES_ERROR;
				CLANG_WARN_DOCUMENTATION_COMMENTS = YES;
				CLANG_WARN_EMPTY_BODY = YES;
				CLANG_WARN_ENUM_CONVERSION = YES;
				CLANG_WARN_INFINITE_RECURSION = YES;
				CLANG_WARN_INT_CONVERSION = YES;
				CLANG_WARN_NON_LITERAL_NULL_CONVERSION = YES;
				CLANG_WARN_OBJC_IMPLICIT_RETAIN_SELF = YES;
				CLANG_WARN_OBJC_LITERAL_CONVERSION = YES;
				CLANG_WARN_OBJC_ROOT_CLASS = YES_ERROR;
				CLANG_WARN_QUOTED_INCLUDE_IN_FRAMEWORK_HEADER = YES;
				CLANG_WARN_RANGE_LOOP_ANALYSIS = YES;
				CLANG_WARN_STRICT_PROTOTYPES = YES;
				CLANG_WARN_SUSPICIOUS_MOVE = YES;
				CLANG_WARN_UNGUARDED_AVAILABILITY = YES_AGGRESSIVE;
				CLANG_WARN_UNREACHABLE_CODE = YES;
				CLANG_WARN__DUPLICATE_METHOD_MATCH = YES;
				COPY_PHASE_STRIP = NO;
				DEBUG_INFORMATION_FORMAT = "dwarf-with-dsym";
				ENABLE_NS_ASSERTIONS = NO;
				ENABLE_STRICT_OBJC_MSGSEND = YES;
				GCC_C_LANGUAGE_STANDARD = gnu11;
				GCC_NO_COMMON_BLOCKS = YES;
				GCC_WARN_64_TO_32_BIT_CONVERSION = YES;
				GCC_WARN_ABOUT_RETURN_TYPE = YES_ERROR;
				GCC_WARN_UNDECLARED_SELECTOR = YES;
				GCC_WARN_UNINITIALIZED_AUTOS = YES_AGGRESSIVE;
				GCC_WARN_UNUSED_FUNCTION = YES;
				GCC_WARN_UNUSED_VARIABLE = YES;
				IPHONEOS_DEPLOYMENT_TARGET = 15.2;
				MTL_ENABLE_DEBUG_INFO = NO;
				MTL_FAST_MATH = YES;
				SDKROOT = iphoneos;
				SWIFT_COMPILATION_MODE = wholemodule;
				SWIFT_OPTIMIZATION_LEVEL = "-O";
				VALIDATE_PRODUCT = YES;
			};
			name = Release;
		};
		87CA19E127C410BD00A8D915 /* Debug */ = {
			isa = XCBuildConfiguration;
			buildSettings = {
				ASSETCATALOG_COMPILER_APPICON_NAME = AppIcon;
				ASSETCATALOG_COMPILER_GLOBAL_ACCENT_COLOR_NAME = AccentColor;
				CODE_SIGN_STYLE = Automatic;
				CURRENT_PROJECT_VERSION = 1;
				DEVELOPMENT_ASSET_PATHS = "\"viperExample/Preview Content\"";
				ENABLE_PREVIEWS = YES;
				GENERATE_INFOPLIST_FILE = YES;
				INFOPLIST_KEY_UIApplicationSceneManifest_Generation = YES;
				INFOPLIST_KEY_UIApplicationSupportsIndirectInputEvents = YES;
				INFOPLIST_KEY_UILaunchScreen_Generation = YES;
				INFOPLIST_KEY_UISupportedInterfaceOrientations_iPad = "UIInterfaceOrientationPortrait UIInterfaceOrientationPortraitUpsideDown UIInterfaceOrientationLandscapeLeft UIInterfaceOrientationLandscapeRight";
				INFOPLIST_KEY_UISupportedInterfaceOrientations_iPhone = "UIInterfaceOrientationPortrait UIInterfaceOrientationLandscapeLeft UIInterfaceOrientationLandscapeRight";
				LD_RUNPATH_SEARCH_PATHS = (
					"$(inherited)",
					"@executable_path/Frameworks",
				);
				MARKETING_VERSION = 1.0;
				PRODUCT_BUNDLE_IDENTIFIER = mc.viperExample;
				PRODUCT_NAME = "$(TARGET_NAME)";
				SWIFT_EMIT_LOC_STRINGS = YES;
				SWIFT_VERSION = 5.0;
				TARGETED_DEVICE_FAMILY = "1,2";
			};
			name = Debug;
		};
		87CA19E227C410BD00A8D915 /* Release */ = {
			isa = XCBuildConfiguration;
			buildSettings = {
				ASSETCATALOG_COMPILER_APPICON_NAME = AppIcon;
				ASSETCATALOG_COMPILER_GLOBAL_ACCENT_COLOR_NAME = AccentColor;
				CODE_SIGN_STYLE = Automatic;
				CURRENT_PROJECT_VERSION = 1;
				DEVELOPMENT_ASSET_PATHS = "\"viperExample/Preview Content\"";
				ENABLE_PREVIEWS = YES;
				GENERATE_INFOPLIST_FILE = YES;
				INFOPLIST_KEY_UIApplicationSceneManifest_Generation = YES;
				INFOPLIST_KEY_UIApplicationSupportsIndirectInputEvents = YES;
				INFOPLIST_KEY_UILaunchScreen_Generation = YES;
				INFOPLIST_KEY_UISupportedInterfaceOrientations_iPad = "UIInterfaceOrientationPortrait UIInterfaceOrientationPortraitUpsideDown UIInterfaceOrientationLandscapeLeft UIInterfaceOrientationLandscapeRight";
				INFOPLIST_KEY_UISupportedInterfaceOrientations_iPhone = "UIInterfaceOrientationPortrait UIInterfaceOrientationLandscapeLeft UIInterfaceOrientationLandscapeRight";
				LD_RUNPATH_SEARCH_PATHS = (
					"$(inherited)",
					"@executable_path/Frameworks",
				);
				MARKETING_VERSION = 1.0;
				PRODUCT_BUNDLE_IDENTIFIER = mc.viperExample;
				PRODUCT_NAME = "$(TARGET_NAME)";
				SWIFT_EMIT_LOC_STRINGS = YES;
				SWIFT_VERSION = 5.0;
				TARGETED_DEVICE_FAMILY = "1,2";
			};
			name = Release;
		};
		87CA19E427C410BD00A8D915 /* Debug */ = {
			isa = XCBuildConfiguration;
			buildSettings = {
				ALWAYS_EMBED_SWIFT_STANDARD_LIBRARIES = YES;
				BUNDLE_LOADER = "$(TEST_HOST)";
				CODE_SIGN_STYLE = Automatic;
				CURRENT_PROJECT_VERSION = 1;
				GENERATE_INFOPLIST_FILE = YES;
				IPHONEOS_DEPLOYMENT_TARGET = 15.2;
				MARKETING_VERSION = 1.0;
				PRODUCT_BUNDLE_IDENTIFIER = mc.viperExampleTests;
				PRODUCT_NAME = "$(TARGET_NAME)";
				SWIFT_EMIT_LOC_STRINGS = NO;
				SWIFT_VERSION = 5.0;
				TARGETED_DEVICE_FAMILY = "1,2";
				TEST_HOST = "$(BUILT_PRODUCTS_DIR)/viperExample.app/viperExample";
			};
			name = Debug;
		};
		87CA19E527C410BD00A8D915 /* Release */ = {
			isa = XCBuildConfiguration;
			buildSettings = {
				ALWAYS_EMBED_SWIFT_STANDARD_LIBRARIES = YES;
				BUNDLE_LOADER = "$(TEST_HOST)";
				CODE_SIGN_STYLE = Automatic;
				CURRENT_PROJECT_VERSION = 1;
				GENERATE_INFOPLIST_FILE = YES;
				IPHONEOS_DEPLOYMENT_TARGET = 15.2;
				MARKETING_VERSION = 1.0;
				PRODUCT_BUNDLE_IDENTIFIER = mc.viperExampleTests;
				PRODUCT_NAME = "$(TARGET_NAME)";
				SWIFT_EMIT_LOC_STRINGS = NO;
				SWIFT_VERSION = 5.0;
				TARGETED_DEVICE_FAMILY = "1,2";
				TEST_HOST = "$(BUILT_PRODUCTS_DIR)/viperExample.app/viperExample";
			};
			name = Release;
		};
		87CA19E727C410BD00A8D915 /* Debug */ = {
			isa = XCBuildConfiguration;
			buildSettings = {
				ALWAYS_EMBED_SWIFT_STANDARD_LIBRARIES = YES;
				CODE_SIGN_STYLE = Automatic;
				CURRENT_PROJECT_VERSION = 1;
				GENERATE_INFOPLIST_FILE = YES;
				MARKETING_VERSION = 1.0;
				PRODUCT_BUNDLE_IDENTIFIER = mc.viperExampleUITests;
				PRODUCT_NAME = "$(TARGET_NAME)";
				SWIFT_EMIT_LOC_STRINGS = NO;
				SWIFT_VERSION = 5.0;
				TARGETED_DEVICE_FAMILY = "1,2";
				TEST_TARGET_NAME = viperExample;
			};
			name = Debug;
		};
		87CA19E827C410BD00A8D915 /* Release */ = {
			isa = XCBuildConfiguration;
			buildSettings = {
				ALWAYS_EMBED_SWIFT_STANDARD_LIBRARIES = YES;
				CODE_SIGN_STYLE = Automatic;
				CURRENT_PROJECT_VERSION = 1;
				GENERATE_INFOPLIST_FILE = YES;
				MARKETING_VERSION = 1.0;
				PRODUCT_BUNDLE_IDENTIFIER = mc.viperExampleUITests;
				PRODUCT_NAME = "$(TARGET_NAME)";
				SWIFT_EMIT_LOC_STRINGS = NO;
				SWIFT_VERSION = 5.0;
				TARGETED_DEVICE_FAMILY = "1,2";
				TEST_TARGET_NAME = viperExample;
			};
			name = Release;
		};
/* End XCBuildConfiguration section */

/* Begin XCConfigurationList section */
		87CA19B727C410BA00A8D915 /* Build configuration list for PBXProject "viperExample" */ = {
			isa = XCConfigurationList;
			buildConfigurations = (
				87CA19DE27C410BD00A8D915 /* Debug */,
				87CA19DF27C410BD00A8D915 /* Release */,
			);
			defaultConfigurationIsVisible = 0;
			defaultConfigurationName = Release;
		};
		87CA19E027C410BD00A8D915 /* Build configuration list for PBXNativeTarget "viperExample" */ = {
			isa = XCConfigurationList;
			buildConfigurations = (
				87CA19E127C410BD00A8D915 /* Debug */,
				87CA19E227C410BD00A8D915 /* Release */,
			);
			defaultConfigurationIsVisible = 0;
			defaultConfigurationName = Release;
		};
		87CA19E327C410BD00A8D915 /* Build configuration list for PBXNativeTarget "viperExampleTests" */ = {
			isa = XCConfigurationList;
			buildConfigurations = (
				87CA19E427C410BD00A8D915 /* Debug */,
				87CA19E527C410BD00A8D915 /* Release */,
			);
			defaultConfigurationIsVisible = 0;
			defaultConfigurationName = Release;
		};
		87CA19E627C410BD00A8D915 /* Build configuration list for PBXNativeTarget "viperExampleUITests" */ = {
			isa = XCConfigurationList;
			buildConfigurations = (
				87CA19E727C410BD00A8D915 /* Debug */,
				87CA19E827C410BD00A8D915 /* Release */,
			);
			defaultConfigurationIsVisible = 0;
			defaultConfigurationName = Release;
		};
/* End XCConfigurationList section */
	};
	rootObject = 87CA19B427C410BA00A8D915 /* Project object */;
}
