// !$*UTF8*$!
{
	archiveVersion = 1;
	classes = {
	};
	objectVersion = 55;
	objects = {

/* Begin PBXBuildFile section */
		877F059D27C438D70036BC23 /* NavigationBar.swift in Sources */ = {isa = PBXBuildFile; fileRef = 877F059C27C438D70036BC23 /* NavigationBar.swift */; };
		87CA19C027C410BA00A8D915 /* viperExampleApp.swift in Sources */ = {isa = PBXBuildFile; fileRef = 87CA19BF27C410BA00A8D915 /* viperExampleApp.swift */; };
		87CA19C427C410BD00A8D915 /* Assets.xcassets in Resources */ = {isa = PBXBuildFile; fileRef = 87CA19C327C410BD00A8D915 /* Assets.xcassets */; };
		87CA19C727C410BD00A8D915 /* Preview Assets.xcassets in Resources */ = {isa = PBXBuildFile; fileRef = 87CA19C627C410BD00A8D915 /* Preview Assets.xcassets */; };
		87CA19D127C410BD00A8D915 /* viperExampleTests.swift in Sources */ = {isa = PBXBuildFile; fileRef = 87CA19D027C410BD00A8D915 /* viperExampleTests.swift */; };
		87CA19DB27C410BD00A8D915 /* viperExampleUITests.swift in Sources */ = {isa = PBXBuildFile; fileRef = 87CA19DA27C410BD00A8D915 /* viperExampleUITests.swift */; };
		87CA19DD27C410BD00A8D915 /* viperExampleUITestsLaunchTests.swift in Sources */ = {isa = PBXBuildFile; fileRef = 87CA19DC27C410BD00A8D915 /* viperExampleUITestsLaunchTests.swift */; };
		87CA19EB27C410E000A8D915 /* NavigationStack in Frameworks */ = {isa = PBXBuildFile; productRef = 87CA19EA27C410E000A8D915 /* NavigationStack */; };
		87CA19EE27C4112E00A8D915 /* RootView.swift in Sources */ = {isa = PBXBuildFile; fileRef = 87CA19ED27C4112E00A8D915 /* RootView.swift */; };
		87CA1A0C27C412B900A8D915 /* FirstPresenter.swift in Sources */ = {isa = PBXBuildFile; fileRef = 87CA1A0527C412B900A8D915 /* FirstPresenter.swift */; };
		87CA1A0D27C412B900A8D915 /* FirstView.swift in Sources */ = {isa = PBXBuildFile; fileRef = 87CA1A0727C412B900A8D915 /* FirstView.swift */; };
		87CA1A0E27C412B900A8D915 /* FirstInteractor.swift in Sources */ = {isa = PBXBuildFile; fileRef = 87CA1A0927C412B900A8D915 /* FirstInteractor.swift */; };
		87CA1A0F27C412B900A8D915 /* FirstRouter.swift in Sources */ = {isa = PBXBuildFile; fileRef = 87CA1A0B27C412B900A8D915 /* FirstRouter.swift */; };
		87CA1A1127C412F200A8D915 /* FirstModuleInitializer.swift in Sources */ = {isa = PBXBuildFile; fileRef = 87CA1A1027C412F200A8D915 /* FirstModuleInitializer.swift */; };
		87CA1A1F27C4195A00A8D915 /* SecondPresenter.swift in Sources */ = {isa = PBXBuildFile; fileRef = 87CA1A1727C4195900A8D915 /* SecondPresenter.swift */; };
		87CA1A2027C4195A00A8D915 /* SecondModuleInitializer.swift in Sources */ = {isa = PBXBuildFile; fileRef = 87CA1A1827C4195900A8D915 /* SecondModuleInitializer.swift */; };
		87CA1A2127C4195A00A8D915 /* SecondView.swift in Sources */ = {isa = PBXBuildFile; fileRef = 87CA1A1A27C4195900A8D915 /* SecondView.swift */; };
		87CA1A2227C4195A00A8D915 /* SecondInteractor.swift in Sources */ = {isa = PBXBuildFile; fileRef = 87CA1A1C27C4195900A8D915 /* SecondInteractor.swift */; };
		87CA1A2327C4195A00A8D915 /* SecondRouter.swift in Sources */ = {isa = PBXBuildFile; fileRef = 87CA1A1E27C4195900A8D915 /* SecondRouter.swift */; };
		87CA1A3127C4238900A8D915 /* ThirdPresenter.swift in Sources */ = {isa = PBXBuildFile; fileRef = 87CA1A2927C4238900A8D915 /* ThirdPresenter.swift */; };
		87CA1A3227C4238900A8D915 /* ThirdModuleInitializer.swift in Sources */ = {isa = PBXBuildFile; fileRef = 87CA1A2A27C4238900A8D915 /* ThirdModuleInitializer.swift */; };
		87CA1A3327C4238900A8D915 /* ThirdView.swift in Sources */ = {isa = PBXBuildFile; fileRef = 87CA1A2C27C4238900A8D915 /* ThirdView.swift */; };
		87CA1A3427C4238900A8D915 /* ThirdInteractor.swift in Sources */ = {isa = PBXBuildFile; fileRef = 87CA1A2E27C4238900A8D915 /* ThirdInteractor.swift */; };
		87CA1A3527C4238900A8D915 /* ThirdRouter.swift in Sources */ = {isa = PBXBuildFile; fileRef = 87CA1A3027C4238900A8D915 /* ThirdRouter.swift */; };
		87CA1A4327C4261A00A8D915 /* FourthPresenter.swift in Sources */ = {isa = PBXBuildFile; fileRef = 87CA1A3B27C4261900A8D915 /* FourthPresenter.swift */; };
		87CA1A4427C4261A00A8D915 /* FourthView.swift in Sources */ = {isa = PBXBuildFile; fileRef = 87CA1A3D27C4261900A8D915 /* FourthView.swift */; };
		87CA1A4527C4261A00A8D915 /* FourthModuleInitializer.swift in Sources */ = {isa = PBXBuildFile; fileRef = 87CA1A3E27C4261900A8D915 /* FourthModuleInitializer.swift */; };
		87CA1A4627C4261A00A8D915 /* FourthInteractor.swift in Sources */ = {isa = PBXBuildFile; fileRef = 87CA1A4027C4261900A8D915 /* FourthInteractor.swift */; };
		87CA1A4727C4261A00A8D915 /* FourthRouter.swift in Sources */ = {isa = PBXBuildFile; fileRef = 87CA1A4227C4261900A8D915 /* FourthRouter.swift */; };
		87CA1A4B27C4329800A8D915 /* View+Extensions.swift in Sources */ = {isa = PBXBuildFile; fileRef = 87CA1A4A27C4329800A8D915 /* View+Extensions.swift */; };
		87CA1A4D27C4330100A8D915 /* EnvironmentValues+Extensions.swift in Sources */ = {isa = PBXBuildFile; fileRef = 87CA1A4C27C4330100A8D915 /* EnvironmentValues+Extensions.swift */; };
		87EC9AC527C7F60F0029A4F8 /* FirstViewModel.swift in Sources */ = {isa = PBXBuildFile; fileRef = 87EC9AC427C7F60F0029A4F8 /* FirstViewModel.swift */; };
		87EC9AC727C81ED30029A4F8 /* MainNavigationIdentifier.swift in Sources */ = {isa = PBXBuildFile; fileRef = 87EC9AC627C81ED30029A4F8 /* MainNavigationIdentifier.swift */; };
/* End PBXBuildFile section */

/* Begin PBXContainerItemProxy section */
		87CA19CD27C410BD00A8D915 /* PBXContainerItemProxy */ = {
			isa = PBXContainerItemProxy;
			containerPortal = 87CA19B427C410BA00A8D915 /* Project object */;
			proxyType = 1;
			remoteGlobalIDString = 87CA19BB27C410BA00A8D915;
			remoteInfo = viperExample;
		};
		87CA19D727C410BD00A8D915 /* PBXContainerItemProxy */ = {
			isa = PBXContainerItemProxy;
			containerPortal = 87CA19B427C410BA00A8D915 /* Project object */;
			proxyType = 1;
			remoteGlobalIDString = 87CA19BB27C410BA00A8D915;
			remoteInfo = viperExample;
		};
/* End PBXContainerItemProxy section */

/* Begin PBXFileReference section */
		877F059C27C438D70036BC23 /* NavigationBar.swift */ = {isa = PBXFileReference; lastKnownFileType = sourcecode.swift; path = NavigationBar.swift; sourceTree = "<group>"; };
		87CA19BC27C410BA00A8D915 /* viperExample.app */ = {isa = PBXFileReference; explicitFileType = wrapper.application; includeInIndex = 0; path = viperExample.app; sourceTree = BUILT_PRODUCTS_DIR; };
		87CA19BF27C410BA00A8D915 /* viperExampleApp.swift */ = {isa = PBXFileReference; lastKnownFileType = sourcecode.swift; path = viperExampleApp.swift; sourceTree = "<group>"; };
		87CA19C327C410BD00A8D915 /* Assets.xcassets */ = {isa = PBXFileReference; lastKnownFileType = folder.assetcatalog; path = Assets.xcassets; sourceTree = "<group>"; };
		87CA19C627C410BD00A8D915 /* Preview Assets.xcassets */ = {isa = PBXFileReference; lastKnownFileType = folder.assetcatalog; path = "Preview Assets.xcassets"; sourceTree = "<group>"; };
		87CA19CC27C410BD00A8D915 /* viperExampleTests.xctest */ = {isa = PBXFileReference; explicitFileType = wrapper.cfbundle; includeInIndex = 0; path = viperExampleTests.xctest; sourceTree = BUILT_PRODUCTS_DIR; };
		87CA19D027C410BD00A8D915 /* viperExampleTests.swift */ = {isa = PBXFileReference; lastKnownFileType = sourcecode.swift; path = viperExampleTests.swift; sourceTree = "<group>"; };
		87CA19D627C410BD00A8D915 /* viperExampleUITests.xctest */ = {isa = PBXFileReference; explicitFileType = wrapper.cfbundle; includeInIndex = 0; path = viperExampleUITests.xctest; sourceTree = BUILT_PRODUCTS_DIR; };
		87CA19DA27C410BD00A8D915 /* viperExampleUITests.swift */ = {isa = PBXFileReference; lastKnownFileType = sourcecode.swift; path = viperExampleUITests.swift; sourceTree = "<group>"; };
		87CA19DC27C410BD00A8D915 /* viperExampleUITestsLaunchTests.swift */ = {isa = PBXFileReference; lastKnownFileType = sourcecode.swift; path = viperExampleUITestsLaunchTests.swift; sourceTree = "<group>"; };
		87CA19ED27C4112E00A8D915 /* RootView.swift */ = {isa = PBXFileReference; lastKnownFileType = sourcecode.swift; path = RootView.swift; sourceTree = "<group>"; };
		87CA1A0527C412B900A8D915 /* FirstPresenter.swift */ = {isa = PBXFileReference; fileEncoding = 4; lastKnownFileType = sourcecode.swift; path = FirstPresenter.swift; sourceTree = "<group>"; };
		87CA1A0727C412B900A8D915 /* FirstView.swift */ = {isa = PBXFileReference; fileEncoding = 4; lastKnownFileType = sourcecode.swift; path = FirstView.swift; sourceTree = "<group>"; };
		87CA1A0927C412B900A8D915 /* FirstInteractor.swift */ = {isa = PBXFileReference; fileEncoding = 4; lastKnownFileType = sourcecode.swift; path = FirstInteractor.swift; sourceTree = "<group>"; };
		87CA1A0B27C412B900A8D915 /* FirstRouter.swift */ = {isa = PBXFileReference; fileEncoding = 4; lastKnownFileType = sourcecode.swift; path = FirstRouter.swift; sourceTree = "<group>"; };
		87CA1A1027C412F200A8D915 /* FirstModuleInitializer.swift */ = {isa = PBXFileReference; lastKnownFileType = sourcecode.swift; path = FirstModuleInitializer.swift; sourceTree = "<group>"; };
		87CA1A1727C4195900A8D915 /* SecondPresenter.swift */ = {isa = PBXFileReference; fileEncoding = 4; lastKnownFileType = sourcecode.swift; path = SecondPresenter.swift; sourceTree = "<group>"; };
		87CA1A1827C4195900A8D915 /* SecondModuleInitializer.swift */ = {isa = PBXFileReference; fileEncoding = 4; lastKnownFileType = sourcecode.swift; path = SecondModuleInitializer.swift; sourceTree = "<group>"; };
		87CA1A1A27C4195900A8D915 /* SecondView.swift */ = {isa = PBXFileReference; fileEncoding = 4; lastKnownFileType = sourcecode.swift; path = SecondView.swift; sourceTree = "<group>"; };
		87CA1A1C27C4195900A8D915 /* SecondInteractor.swift */ = {isa = PBXFileReference; fileEncoding = 4; lastKnownFileType = sourcecode.swift; path = SecondInteractor.swift; sourceTree = "<group>"; };
		87CA1A1E27C4195900A8D915 /* SecondRouter.swift */ = {isa = PBXFileReference; fileEncoding = 4; lastKnownFileType = sourcecode.swift; path = SecondRouter.swift; sourceTree = "<group>"; };
		87CA1A2927C4238900A8D915 /* ThirdPresenter.swift */ = {isa = PBXFileReference; fileEncoding = 4; lastKnownFileType = sourcecode.swift; path = ThirdPresenter.swift; sourceTree = "<group>"; };
		87CA1A2A27C4238900A8D915 /* ThirdModuleInitializer.swift */ = {isa = PBXFileReference; fileEncoding = 4; lastKnownFileType = sourcecode.swift; path = ThirdModuleInitializer.swift; sourceTree = "<group>"; };
		87CA1A2C27C4238900A8D915 /* ThirdView.swift */ = {isa = PBXFileReference; fileEncoding = 4; lastKnownFileType = sourcecode.swift; path = ThirdView.swift; sourceTree = "<group>"; };
		87CA1A2E27C4238900A8D915 /* ThirdInteractor.swift */ = {isa = PBXFileReference; fileEncoding = 4; lastKnownFileType = sourcecode.swift; path = ThirdInteractor.swift; sourceTree = "<group>"; };
		87CA1A3027C4238900A8D915 /* ThirdRouter.swift */ = {isa = PBXFileReference; fileEncoding = 4; lastKnownFileType = sourcecode.swift; path = ThirdRouter.swift; sourceTree = "<group>"; };
		87CA1A3B27C4261900A8D915 /* FourthPresenter.swift */ = {isa = PBXFileReference; fileEncoding = 4; lastKnownFileType = sourcecode.swift; path = FourthPresenter.swift; sourceTree = "<group>"; };
		87CA1A3D27C4261900A8D915 /* FourthView.swift */ = {isa = PBXFileReference; fileEncoding = 4; lastKnownFileType = sourcecode.swift; path = FourthView.swift; sourceTree = "<group>"; };
		87CA1A3E27C4261900A8D915 /* FourthModuleInitializer.swift */ = {isa = PBXFileReference; fileEncoding = 4; lastKnownFileType = sourcecode.swift; path = FourthModuleInitializer.swift; sourceTree = "<group>"; };
		87CA1A4027C4261900A8D915 /* FourthInteractor.swift */ = {isa = PBXFileReference; fileEncoding = 4; lastKnownFileType = sourcecode.swift; path = FourthInteractor.swift; sourceTree = "<group>"; };
		87CA1A4227C4261900A8D915 /* FourthRouter.swift */ = {isa = PBXFileReference; fileEncoding = 4; lastKnownFileType = sourcecode.swift; path = FourthRouter.swift; sourceTree = "<group>"; };
		87CA1A4A27C4329800A8D915 /* View+Extensions.swift */ = {isa = PBXFileReference; lastKnownFileType = sourcecode.swift; path = "View+Extensions.swift"; sourceTree = "<group>"; };
		87CA1A4C27C4330100A8D915 /* EnvironmentValues+Extensions.swift */ = {isa = PBXFileReference; lastKnownFileType = sourcecode.swift; path = "EnvironmentValues+Extensions.swift"; sourceTree = "<group>"; };
		87EC9AC427C7F60F0029A4F8 /* FirstViewModel.swift */ = {isa = PBXFileReference; lastKnownFileType = sourcecode.swift; path = FirstViewModel.swift; sourceTree = "<group>"; };
		87EC9AC627C81ED30029A4F8 /* MainNavigationIdentifier.swift */ = {isa = PBXFileReference; lastKnownFileType = sourcecode.swift; path = MainNavigationIdentifier.swift; sourceTree = "<group>"; };
/* End PBXFileReference section */

/* Begin PBXFrameworksBuildPhase section */
		87CA19B927C410BA00A8D915 /* Frameworks */ = {
			isa = PBXFrameworksBuildPhase;
			buildActionMask = 2147483647;
			files = (
				87CA19EB27C410E000A8D915 /* NavigationStack in Frameworks */,
			);
			runOnlyForDeploymentPostprocessing = 0;
		};
		87CA19C927C410BD00A8D915 /* Frameworks */ = {
			isa = PBXFrameworksBuildPhase;
			buildActionMask = 2147483647;
			files = (
			);
			runOnlyForDeploymentPostprocessing = 0;
		};
		87CA19D327C410BD00A8D915 /* Frameworks */ = {
			isa = PBXFrameworksBuildPhase;
			buildActionMask = 2147483647;
			files = (
			);
			runOnlyForDeploymentPostprocessing = 0;
		};
/* End PBXFrameworksBuildPhase section */

/* Begin PBXGroup section */
		877F059A27C4389C0036BC23 /* Common */ = {
			isa = PBXGroup;
			children = (
				877F059B27C438AC0036BC23 /* Views */,
			);
			path = Common;
			sourceTree = "<group>";
		};
		877F059B27C438AC0036BC23 /* Views */ = {
			isa = PBXGroup;
			children = (
				877F059C27C438D70036BC23 /* NavigationBar.swift */,
			);
			path = Views;
			sourceTree = "<group>";
		};
		87CA19B327C410BA00A8D915 = {
			isa = PBXGroup;
			children = (
				87CA19BE27C410BA00A8D915 /* viperExample */,
				87CA19CF27C410BD00A8D915 /* viperExampleTests */,
				87CA19D927C410BD00A8D915 /* viperExampleUITests */,
				87CA19BD27C410BA00A8D915 /* Products */,
			);
			sourceTree = "<group>";
		};
		87CA19BD27C410BA00A8D915 /* Products */ = {
			isa = PBXGroup;
			children = (
				87CA19BC27C410BA00A8D915 /* viperExample.app */,
				87CA19CC27C410BD00A8D915 /* viperExampleTests.xctest */,
				87CA19D627C410BD00A8D915 /* viperExampleUITests.xctest */,
			);
			name = Products;
			sourceTree = "<group>";
		};
		87CA19BE27C410BA00A8D915 /* viperExample */ = {
			isa = PBXGroup;
			children = (
				877F059A27C4389C0036BC23 /* Common */,
				87CA1A4927C4328100A8D915 /* Extensions */,
				87CA19EF27C4124D00A8D915 /* Features */,
				87CA19EC27C4111E00A8D915 /* Navigation */,
				87CA19BF27C410BA00A8D915 /* viperExampleApp.swift */,
				87CA19C327C410BD00A8D915 /* Assets.xcassets */,
				87CA19C527C410BD00A8D915 /* Preview Content */,
			);
			path = viperExample;
			sourceTree = "<group>";
		};
		87CA19C527C410BD00A8D915 /* Preview Content */ = {
			isa = PBXGroup;
			children = (
				87CA19C627C410BD00A8D915 /* Preview Assets.xcassets */,
			);
			path = "Preview Content";
			sourceTree = "<group>";
		};
		87CA19CF27C410BD00A8D915 /* viperExampleTests */ = {
			isa = PBXGroup;
			children = (
				87CA19D027C410BD00A8D915 /* viperExampleTests.swift */,
			);
			path = viperExampleTests;
			sourceTree = "<group>";
		};
		87CA19D927C410BD00A8D915 /* viperExampleUITests */ = {
			isa = PBXGroup;
			children = (
				87CA19DA27C410BD00A8D915 /* viperExampleUITests.swift */,
				87CA19DC27C410BD00A8D915 /* viperExampleUITestsLaunchTests.swift */,
			);
			path = viperExampleUITests;
			sourceTree = "<group>";
		};
		87CA19EC27C4111E00A8D915 /* Navigation */ = {
			isa = PBXGroup;
			children = (
				87CA19ED27C4112E00A8D915 /* RootView.swift */,
				87EC9AC627C81ED30029A4F8 /* MainNavigationIdentifier.swift */,
			);
			path = Navigation;
			sourceTree = "<group>";
		};
		87CA19EF27C4124D00A8D915 /* Features */ = {
			isa = PBXGroup;
			children = (
				87CA1A0227C412B900A8D915 /* First */,
				87CA1A1427C4195900A8D915 /* Second */,
				87CA1A2627C4238900A8D915 /* Third */,
				87CA1A3827C4261900A8D915 /* Fourth */,
			);
			path = Features;
			sourceTree = "<group>";
		};
		87CA1A0227C412B900A8D915 /* First */ = {
			isa = PBXGroup;
			children = (
				87CA1A1027C412F200A8D915 /* FirstModuleInitializer.swift */,
				87CA1A0327C412B900A8D915 /* Entity */,
				87CA1A0427C412B900A8D915 /* Presenter */,
				87CA1A0627C412B900A8D915 /* View */,
				87CA1A0827C412B900A8D915 /* Interactor */,
				87CA1A0A27C412B900A8D915 /* Router */,
			);
			path = First;
			sourceTree = "<group>";
		};
		87CA1A0327C412B900A8D915 /* Entity */ = {
			isa = PBXGroup;
			children = (
				87EC9AC427C7F60F0029A4F8 /* FirstViewModel.swift */,
			);
			path = Entity;
			sourceTree = "<group>";
		};
		87CA1A0427C412B900A8D915 /* Presenter */ = {
			isa = PBXGroup;
			children = (
				87CA1A0527C412B900A8D915 /* FirstPresenter.swift */,
			);
			path = Presenter;
			sourceTree = "<group>";
		};
		87CA1A0627C412B900A8D915 /* View */ = {
			isa = PBXGroup;
			children = (
				87CA1A0727C412B900A8D915 /* FirstView.swift */,
			);
			path = View;
			sourceTree = "<group>";
		};
		87CA1A0827C412B900A8D915 /* Interactor */ = {
			isa = PBXGroup;
			children = (
				87CA1A0927C412B900A8D915 /* FirstInteractor.swift */,
			);
			path = Interactor;
			sourceTree = "<group>";
		};
		87CA1A0A27C412B900A8D915 /* Router */ = {
			isa = PBXGroup;
			children = (
				87CA1A0B27C412B900A8D915 /* FirstRouter.swift */,
			);
			path = Router;
			sourceTree = "<group>";
		};
		87CA1A1427C4195900A8D915 /* Second */ = {
			isa = PBXGroup;
			children = (
				87CA1A1827C4195900A8D915 /* SecondModuleInitializer.swift */,
				87CA1A1527C4195900A8D915 /* Entity */,
				87CA1A1627C4195900A8D915 /* Presenter */,
				87CA1A1927C4195900A8D915 /* View */,
				87CA1A1B27C4195900A8D915 /* Interactor */,
				87CA1A1D27C4195900A8D915 /* Router */,
			);
			path = Second;
			sourceTree = "<group>";
		};
		87CA1A1527C4195900A8D915 /* Entity */ = {
			isa = PBXGroup;
			children = (
			);
			path = Entity;
			sourceTree = "<group>";
		};
		87CA1A1627C4195900A8D915 /* Presenter */ = {
			isa = PBXGroup;
			children = (
				87CA1A1727C4195900A8D915 /* SecondPresenter.swift */,
			);
			path = Presenter;
			sourceTree = "<group>";
		};
		87CA1A1927C4195900A8D915 /* View */ = {
			isa = PBXGroup;
			children = (
				87CA1A1A27C4195900A8D915 /* SecondView.swift */,
			);
			path = View;
			sourceTree = "<group>";
		};
		87CA1A1B27C4195900A8D915 /* Interactor */ = {
			isa = PBXGroup;
			children = (
				87CA1A1C27C4195900A8D915 /* SecondInteractor.swift */,
			);
			path = Interactor;
			sourceTree = "<group>";
		};
		87CA1A1D27C4195900A8D915 /* Router */ = {
			isa = PBXGroup;
			children = (
				87CA1A1E27C4195900A8D915 /* SecondRouter.swift */,
			);
			path = Router;
			sourceTree = "<group>";
		};
		87CA1A2627C4238900A8D915 /* Third */ = {
			isa = PBXGroup;
			children = (
				87CA1A2A27C4238900A8D915 /* ThirdModuleInitializer.swift */,
				87CA1A2727C4238900A8D915 /* Entity */,
				87CA1A2827C4238900A8D915 /* Presenter */,
				87CA1A2B27C4238900A8D915 /* View */,
				87CA1A2D27C4238900A8D915 /* Interactor */,
				87CA1A2F27C4238900A8D915 /* Router */,
			);
			path = Third;
			sourceTree = "<group>";
		};
		87CA1A2727C4238900A8D915 /* Entity */ = {
			isa = PBXGroup;
			children = (
			);
			path = Entity;
			sourceTree = "<group>";
		};
		87CA1A2827C4238900A8D915 /* Presenter */ = {
			isa = PBXGroup;
			children = (
				87CA1A2927C4238900A8D915 /* ThirdPresenter.swift */,
			);
			path = Presenter;
			sourceTree = "<group>";
		};
		87CA1A2B27C4238900A8D915 /* View */ = {
			isa = PBXGroup;
			children = (
				87CA1A2C27C4238900A8D915 /* ThirdView.swift */,
			);
			path = View;
			sourceTree = "<group>";
		};
		87CA1A2D27C4238900A8D915 /* Interactor */ = {
			isa = PBXGroup;
			children = (
				87CA1A2E27C4238900A8D915 /* ThirdInteractor.swift */,
			);
			path = Interactor;
			sourceTree = "<group>";
		};
		87CA1A2F27C4238900A8D915 /* Router */ = {
			isa = PBXGroup;
			children = (
				87CA1A3027C4238900A8D915 /* ThirdRouter.swift */,
			);
			path = Router;
			sourceTree = "<group>";
		};
		87CA1A3827C4261900A8D915 /* Fourth */ = {
			isa = PBXGroup;
			children = (
				87CA1A3E27C4261900A8D915 /* FourthModuleInitializer.swift */,
				87CA1A3927C4261900A8D915 /* Entity */,
				87CA1A3A27C4261900A8D915 /* Presenter */,
				87CA1A3C27C4261900A8D915 /* View */,
				87CA1A3F27C4261900A8D915 /* Interactor */,
				87CA1A4127C4261900A8D915 /* Router */,
			);
			path = Fourth;
			sourceTree = "<group>";
		};
		87CA1A3927C4261900A8D915 /* Entity */ = {
			isa = PBXGroup;
			children = (
			);
			path = Entity;
			sourceTree = "<group>";
		};
		87CA1A3A27C4261900A8D915 /* Presenter */ = {
			isa = PBXGroup;
			children = (
				87CA1A3B27C4261900A8D915 /* FourthPresenter.swift */,
			);
			path = Presenter;
			sourceTree = "<group>";
		};
		87CA1A3C27C4261900A8D915 /* View */ = {
			isa = PBXGroup;
			children = (
				87CA1A3D27C4261900A8D915 /* FourthView.swift */,
			);
			path = View;
			sourceTree = "<group>";
		};
		87CA1A3F27C4261900A8D915 /* Interactor */ = {
			isa = PBXGroup;
			children = (
				87CA1A4027C4261900A8D915 /* FourthInteractor.swift */,
			);
			path = Interactor;
			sourceTree = "<group>";
		};
		87CA1A4127C4261900A8D915 /* Router */ = {
			isa = PBXGroup;
			children = (
				87CA1A4227C4261900A8D915 /* FourthRouter.swift */,
			);
			path = Router;
			sourceTree = "<group>";
		};
		87CA1A4927C4328100A8D915 /* Extensions */ = {
			isa = PBXGroup;
			children = (
				87CA1A4A27C4329800A8D915 /* View+Extensions.swift */,
				87CA1A4C27C4330100A8D915 /* EnvironmentValues+Extensions.swift */,
			);
			path = Extensions;
			sourceTree = "<group>";
		};
/* End PBXGroup section */

/* Begin PBXNativeTarget section */
		87CA19BB27C410BA00A8D915 /* viperExample */ = {
			isa = PBXNativeTarget;
			buildConfigurationList = 87CA19E027C410BD00A8D915 /* Build configuration list for PBXNativeTarget "viperExample" */;
			buildPhases = (
				87CA19B827C410BA00A8D915 /* Sources */,
				87CA19B927C410BA00A8D915 /* Frameworks */,
				87CA19BA27C410BA00A8D915 /* Resources */,
			);
			buildRules = (
			);
			dependencies = (
			);
			name = viperExample;
			packageProductDependencies = (
				87CA19EA27C410E000A8D915 /* NavigationStack */,
			);
			productName = viperExample;
			productReference = 87CA19BC27C410BA00A8D915 /* viperExample.app */;
			productType = "com.apple.product-type.application";
		};
		87CA19CB27C410BD00A8D915 /* viperExampleTests */ = {
			isa = PBXNativeTarget;
			buildConfigurationList = 87CA19E327C410BD00A8D915 /* Build configuration list for PBXNativeTarget "viperExampleTests" */;
			buildPhases = (
				87CA19C827C410BD00A8D915 /* Sources */,
				87CA19C927C410BD00A8D915 /* Frameworks */,
				87CA19CA27C410BD00A8D915 /* Resources */,
			);
			buildRules = (
			);
			dependencies = (
				87CA19CE27C410BD00A8D915 /* PBXTargetDependency */,
			);
			name = viperExampleTests;
			productName = viperExampleTests;
			productReference = 87CA19CC27C410BD00A8D915 /* viperExampleTests.xctest */;
			productType = "com.apple.product-type.bundle.unit-test";
		};
		87CA19D527C410BD00A8D915 /* viperExampleUITests */ = {
			isa = PBXNativeTarget;
			buildConfigurationList = 87CA19E627C410BD00A8D915 /* Build configuration list for PBXNativeTarget "viperExampleUITests" */;
			buildPhases = (
				87CA19D227C410BD00A8D915 /* Sources */,
				87CA19D327C410BD00A8D915 /* Frameworks */,
				87CA19D427C410BD00A8D915 /* Resources */,
			);
			buildRules = (
			);
			dependencies = (
				87CA19D827C410BD00A8D915 /* PBXTargetDependency */,
			);
			name = viperExampleUITests;
			productName = viperExampleUITests;
			productReference = 87CA19D627C410BD00A8D915 /* viperExampleUITests.xctest */;
			productType = "com.apple.product-type.bundle.ui-testing";
		};
/* End PBXNativeTarget section */

/* Begin PBXProject section */
		87CA19B427C410BA00A8D915 /* Project object */ = {
			isa = PBXProject;
			attributes = {
				BuildIndependentTargetsInParallel = 1;
				LastSwiftUpdateCheck = 1320;
				LastUpgradeCheck = 1320;
				TargetAttributes = {
					87CA19BB27C410BA00A8D915 = {
						CreatedOnToolsVersion = 13.2.1;
					};
					87CA19CB27C410BD00A8D915 = {
						CreatedOnToolsVersion = 13.2.1;
						TestTargetID = 87CA19BB27C410BA00A8D915;
					};
					87CA19D527C410BD00A8D915 = {
						CreatedOnToolsVersion = 13.2.1;
						TestTargetID = 87CA19BB27C410BA00A8D915;
					};
				};
			};
			buildConfigurationList = 87CA19B727C410BA00A8D915 /* Build configuration list for PBXProject "viperExample" */;
			compatibilityVersion = "Xcode 13.0";
			developmentRegion = en;
			hasScannedForEncodings = 0;
			knownRegions = (
				en,
				Base,
			);
			mainGroup = 87CA19B327C410BA00A8D915;
			packageReferences = (
				87CA19E927C410E000A8D915 /* XCRemoteSwiftPackageReference "swiftui-navigation-stack" */,
			);
			productRefGroup = 87CA19BD27C410BA00A8D915 /* Products */;
			projectDirPath = "";
			projectRoot = "";
			targets = (
				87CA19BB27C410BA00A8D915 /* viperExample */,
				87CA19CB27C410BD00A8D915 /* viperExampleTests */,
				87CA19D527C410BD00A8D915 /* viperExampleUITests */,
			);
		};
/* End PBXProject section */

/* Begin PBXResourcesBuildPhase section */
		87CA19BA27C410BA00A8D915 /* Resources */ = {
			isa = PBXResourcesBuildPhase;
			buildActionMask = 2147483647;
			files = (
				87CA19C727C410BD00A8D915 /* Preview Assets.xcassets in Resources */,
				87CA19C427C410BD00A8D915 /* Assets.xcassets in Resources */,
			);
			runOnlyForDeploymentPostprocessing = 0;
		};
		87CA19CA27C410BD00A8D915 /* Resources */ = {
			isa = PBXResourcesBuildPhase;
			buildActionMask = 2147483647;
			files = (
			);
			runOnlyForDeploymentPostprocessing = 0;
		};
		87CA19D427C410BD00A8D915 /* Resources */ = {
			isa = PBXResourcesBuildPhase;
			buildActionMask = 2147483647;
			files = (
			);
			runOnlyForDeploymentPostprocessing = 0;
		};
/* End PBXResourcesBuildPhase section */

/* Begin PBXSourcesBuildPhase section */
		87CA19B827C410BA00A8D915 /* Sources */ = {
			isa = PBXSourcesBuildPhase;
			buildActionMask = 2147483647;
			files = (
				87CA1A4727C4261A00A8D915 /* FourthRouter.swift in Sources */,
				87CA1A4D27C4330100A8D915 /* EnvironmentValues+Extensions.swift in Sources */,
				87CA1A4327C4261A00A8D915 /* FourthPresenter.swift in Sources */,
				87CA1A0C27C412B900A8D915 /* FirstPresenter.swift in Sources */,
				87CA1A3327C4238900A8D915 /* ThirdView.swift in Sources */,
				87EC9AC527C7F60F0029A4F8 /* FirstViewModel.swift in Sources */,
				877F059D27C438D70036BC23 /* NavigationBar.swift in Sources */,
				87CA1A1127C412F200A8D915 /* FirstModuleInitializer.swift in Sources */,
				87CA1A0D27C412B900A8D915 /* FirstView.swift in Sources */,
				87CA1A0E27C412B900A8D915 /* FirstInteractor.swift in Sources */,
				87EC9AC727C81ED30029A4F8 /* MainNavigationIdentifier.swift in Sources */,
				87CA1A4527C4261A00A8D915 /* FourthModuleInitializer.swift in Sources */,
				87CA1A4B27C4329800A8D915 /* View+Extensions.swift in Sources */,
				87CA1A4427C4261A00A8D915 /* FourthView.swift in Sources */,
				87CA1A1F27C4195A00A8D915 /* SecondPresenter.swift in Sources */,
				87CA1A3427C4238900A8D915 /* ThirdInteractor.swift in Sources */,
				87CA1A4627C4261A00A8D915 /* FourthInteractor.swift in Sources */,
				87CA19C027C410BA00A8D915 /* viperExampleApp.swift in Sources */,
				87CA1A2127C4195A00A8D915 /* SecondView.swift in Sources */,
				87CA1A2227C4195A00A8D915 /* SecondInteractor.swift in Sources */,
				87CA19EE27C4112E00A8D915 /* RootView.swift in Sources */,
				87CA1A2027C4195A00A8D915 /* SecondModuleInitializer.swift in Sources */,
				87CA1A3127C4238900A8D915 /* ThirdPresenter.swift in Sources */,
				87CA1A2327C4195A00A8D915 /* SecondRouter.swift in Sources */,
				87CA1A3227C4238900A8D915 /* ThirdModuleInitializer.swift in Sources */,
				87CA1A3527C4238900A8D915 /* ThirdRouter.swift in Sources */,
				87CA1A0F27C412B900A8D915 /* FirstRouter.swift in Sources */,
			);
			runOnlyForDeploymentPostprocessing = 0;
		};
		87CA19C827C410BD00A8D915 /* Sources */ = {
			isa = PBXSourcesBuildPhase;
			buildActionMask = 2147483647;
			files = (
				87CA19D127C410BD00A8D915 /* viperExampleTests.swift in Sources */,
			);
			runOnlyForDeploymentPostprocessing = 0;
		};
		87CA19D227C410BD00A8D915 /* Sources */ = {
			isa = PBXSourcesBuildPhase;
			buildActionMask = 2147483647;
			files = (
				87CA19DD27C410BD00A8D915 /* viperExampleUITestsLaunchTests.swift in Sources */,
				87CA19DB27C410BD00A8D915 /* viperExampleUITests.swift in Sources */,
			);
			runOnlyForDeploymentPostprocessing = 0;
		};
/* End PBXSourcesBuildPhase section */

/* Begin PBXTargetDependency section */
		87CA19CE27C410BD00A8D915 /* PBXTargetDependency */ = {
			isa = PBXTargetDependency;
			target = 87CA19BB27C410BA00A8D915 /* viperExample */;
			targetProxy = 87CA19CD27C410BD00A8D915 /* PBXContainerItemProxy */;
		};
		87CA19D827C410BD00A8D915 /* PBXTargetDependency */ = {
			isa = PBXTargetDependency;
			target = 87CA19BB27C410BA00A8D915 /* viperExample */;
			targetProxy = 87CA19D727C410BD00A8D915 /* PBXContainerItemProxy */;
		};
/* End PBXTargetDependency section */

/* Begin XCBuildConfiguration section */
		87CA19DE27C410BD00A8D915 /* Debug */ = {
			isa = XCBuildConfiguration;
			buildSettings = {
				ALWAYS_SEARCH_USER_PATHS = NO;
				CLANG_ANALYZER_NONNULL = YES;
				CLANG_ANALYZER_NUMBER_OBJECT_CONVERSION = YES_AGGRESSIVE;
				CLANG_CXX_LANGUAGE_STANDARD = "gnu++17";
				CLANG_CXX_LIBRARY = "libc++";
				CLANG_ENABLE_MODULES = YES;
				CLANG_ENABLE_OBJC_ARC = YES;
				CLANG_ENABLE_OBJC_WEAK = YES;
				CLANG_WARN_BLOCK_CAPTURE_AUTORELEASING = YES;
				CLANG_WARN_BOOL_CONVERSION = YES;
				CLANG_WARN_COMMA = YES;
				CLANG_WARN_CONSTANT_CONVERSION = YES;
				CLANG_WARN_DEPRECATED_OBJC_IMPLEMENTATIONS = YES;
				CLANG_WARN_DIRECT_OBJC_ISA_USAGE = YES_ERROR;
				CLANG_WARN_DOCUMENTATION_COMMENTS = YES;
				CLANG_WARN_EMPTY_BODY = YES;
				CLANG_WARN_ENUM_CONVERSION = YES;
				CLANG_WARN_INFINITE_RECURSION = YES;
				CLANG_WARN_INT_CONVERSION = YES;
				CLANG_WARN_NON_LITERAL_NULL_CONVERSION = YES;
				CLANG_WARN_OBJC_IMPLICIT_RETAIN_SELF = YES;
				CLANG_WARN_OBJC_LITERAL_CONVERSION = YES;
				CLANG_WARN_OBJC_ROOT_CLASS = YES_ERROR;
				CLANG_WARN_QUOTED_INCLUDE_IN_FRAMEWORK_HEADER = YES;
				CLANG_WARN_RANGE_LOOP_ANALYSIS = YES;
				CLANG_WARN_STRICT_PROTOTYPES = YES;
				CLANG_WARN_SUSPICIOUS_MOVE = YES;
				CLANG_WARN_UNGUARDED_AVAILABILITY = YES_AGGRESSIVE;
				CLANG_WARN_UNREACHABLE_CODE = YES;
				CLANG_WARN__DUPLICATE_METHOD_MATCH = YES;
				COPY_PHASE_STRIP = NO;
				DEBUG_INFORMATION_FORMAT = dwarf;
				ENABLE_STRICT_OBJC_MSGSEND = YES;
				ENABLE_TESTABILITY = YES;
				GCC_C_LANGUAGE_STANDARD = gnu11;
				GCC_DYNAMIC_NO_PIC = NO;
				GCC_NO_COMMON_BLOCKS = YES;
				GCC_OPTIMIZATION_LEVEL = 0;
				GCC_PREPROCESSOR_DEFINITIONS = (
					"DEBUG=1",
					"$(inherited)",
				);
				GCC_WARN_64_TO_32_BIT_CONVERSION = YES;
				GCC_WARN_ABOUT_RETURN_TYPE = YES_ERROR;
				GCC_WARN_UNDECLARED_SELECTOR = YES;
				GCC_WARN_UNINITIALIZED_AUTOS = YES_AGGRESSIVE;
				GCC_WARN_UNUSED_FUNCTION = YES;
				GCC_WARN_UNUSED_VARIABLE = YES;
				IPHONEOS_DEPLOYMENT_TARGET = 15.2;
				MTL_ENABLE_DEBUG_INFO = INCLUDE_SOURCE;
				MTL_FAST_MATH = YES;
				ONLY_ACTIVE_ARCH = YES;
				SDKROOT = iphoneos;
				SWIFT_ACTIVE_COMPILATION_CONDITIONS = DEBUG;
				SWIFT_OPTIMIZATION_LEVEL = "-Onone";
			};
			name = Debug;
		};
		87CA19DF27C410BD00A8D915 /* Release */ = {
			isa = XCBuildConfiguration;
			buildSettings = {
				ALWAYS_SEARCH_USER_PATHS = NO;
				CLANG_ANALYZER_NONNULL = YES;
				CLANG_ANALYZER_NUMBER_OBJECT_CONVERSION = YES_AGGRESSIVE;
				CLANG_CXX_LANGUAGE_STANDARD = "gnu++17";
				CLANG_CXX_LIBRARY = "libc++";
				CLANG_ENABLE_MODULES = YES;
				CLANG_ENABLE_OBJC_ARC = YES;
				CLANG_ENABLE_OBJC_WEAK = YES;
				CLANG_WARN_BLOCK_CAPTURE_AUTORELEASING = YES;
				CLANG_WARN_BOOL_CONVERSION = YES;
				CLANG_WARN_COMMA = YES;
				CLANG_WARN_CONSTANT_CONVERSION = YES;
				CLANG_WARN_DEPRECATED_OBJC_IMPLEMENTATIONS = YES;
				CLANG_WARN_DIRECT_OBJC_ISA_USAGE = YES_ERROR;
				CLANG_WARN_DOCUMENTATION_COMMENTS = YES;
				CLANG_WARN_EMPTY_BODY = YES;
				CLANG_WARN_ENUM_CONVERSION = YES;
				CLANG_WARN_INFINITE_RECURSION = YES;
				CLANG_WARN_INT_CONVERSION = YES;
				CLANG_WARN_NON_LITERAL_NULL_CONVERSION = YES;
				CLANG_WARN_OBJC_IMPLICIT_RETAIN_SELF = YES;
				CLANG_WARN_OBJC_LITERAL_CONVERSION = YES;
				CLANG_WARN_OBJC_ROOT_CLASS = YES_ERROR;
				CLANG_WARN_QUOTED_INCLUDE_IN_FRAMEWORK_HEADER = YES;
				CLANG_WARN_RANGE_LOOP_ANALYSIS = YES;
				CLANG_WARN_STRICT_PROTOTYPES = YES;
				CLANG_WARN_SUSPICIOUS_MOVE = YES;
				CLANG_WARN_UNGUARDED_AVAILABILITY = YES_AGGRESSIVE;
				CLANG_WARN_UNREACHABLE_CODE = YES;
				CLANG_WARN__DUPLICATE_METHOD_MATCH = YES;
				COPY_PHASE_STRIP = NO;
				DEBUG_INFORMATION_FORMAT = "dwarf-with-dsym";
				ENABLE_NS_ASSERTIONS = NO;
				ENABLE_STRICT_OBJC_MSGSEND = YES;
				GCC_C_LANGUAGE_STANDARD = gnu11;
				GCC_NO_COMMON_BLOCKS = YES;
				GCC_WARN_64_TO_32_BIT_CONVERSION = YES;
				GCC_WARN_ABOUT_RETURN_TYPE = YES_ERROR;
				GCC_WARN_UNDECLARED_SELECTOR = YES;
				GCC_WARN_UNINITIALIZED_AUTOS = YES_AGGRESSIVE;
				GCC_WARN_UNUSED_FUNCTION = YES;
				GCC_WARN_UNUSED_VARIABLE = YES;
				IPHONEOS_DEPLOYMENT_TARGET = 15.2;
				MTL_ENABLE_DEBUG_INFO = NO;
				MTL_FAST_MATH = YES;
				SDKROOT = iphoneos;
				SWIFT_COMPILATION_MODE = wholemodule;
				SWIFT_OPTIMIZATION_LEVEL = "-O";
				VALIDATE_PRODUCT = YES;
			};
			name = Release;
		};
		87CA19E127C410BD00A8D915 /* Debug */ = {
			isa = XCBuildConfiguration;
			buildSettings = {
				ASSETCATALOG_COMPILER_APPICON_NAME = AppIcon;
				ASSETCATALOG_COMPILER_GLOBAL_ACCENT_COLOR_NAME = AccentColor;
				CODE_SIGN_STYLE = Automatic;
				CURRENT_PROJECT_VERSION = 1;
				DEVELOPMENT_ASSET_PATHS = "\"viperExample/Preview Content\"";
				ENABLE_PREVIEWS = YES;
				GENERATE_INFOPLIST_FILE = YES;
				INFOPLIST_KEY_UIApplicationSceneManifest_Generation = YES;
				INFOPLIST_KEY_UIApplicationSupportsIndirectInputEvents = YES;
				INFOPLIST_KEY_UILaunchScreen_Generation = YES;
				INFOPLIST_KEY_UISupportedInterfaceOrientations_iPad = "UIInterfaceOrientationPortrait UIInterfaceOrientationPortraitUpsideDown UIInterfaceOrientationLandscapeLeft UIInterfaceOrientationLandscapeRight";
				INFOPLIST_KEY_UISupportedInterfaceOrientations_iPhone = "UIInterfaceOrientationPortrait UIInterfaceOrientationLandscapeLeft UIInterfaceOrientationLandscapeRight";
				LD_RUNPATH_SEARCH_PATHS = (
					"$(inherited)",
					"@executable_path/Frameworks",
				);
				MARKETING_VERSION = 1.0;
				PRODUCT_BUNDLE_IDENTIFIER = mc.viperExample;
				PRODUCT_NAME = "$(TARGET_NAME)";
				SWIFT_EMIT_LOC_STRINGS = YES;
				SWIFT_VERSION = 5.0;
				TARGETED_DEVICE_FAMILY = "1,2";
			};
			name = Debug;
		};
		87CA19E227C410BD00A8D915 /* Release */ = {
			isa = XCBuildConfiguration;
			buildSettings = {
				ASSETCATALOG_COMPILER_APPICON_NAME = AppIcon;
				ASSETCATALOG_COMPILER_GLOBAL_ACCENT_COLOR_NAME = AccentColor;
				CODE_SIGN_STYLE = Automatic;
				CURRENT_PROJECT_VERSION = 1;
				DEVELOPMENT_ASSET_PATHS = "\"viperExample/Preview Content\"";
				ENABLE_PREVIEWS = YES;
				GENERATE_INFOPLIST_FILE = YES;
				INFOPLIST_KEY_UIApplicationSceneManifest_Generation = YES;
				INFOPLIST_KEY_UIApplicationSupportsIndirectInputEvents = YES;
				INFOPLIST_KEY_UILaunchScreen_Generation = YES;
				INFOPLIST_KEY_UISupportedInterfaceOrientations_iPad = "UIInterfaceOrientationPortrait UIInterfaceOrientationPortraitUpsideDown UIInterfaceOrientationLandscapeLeft UIInterfaceOrientationLandscapeRight";
				INFOPLIST_KEY_UISupportedInterfaceOrientations_iPhone = "UIInterfaceOrientationPortrait UIInterfaceOrientationLandscapeLeft UIInterfaceOrientationLandscapeRight";
				LD_RUNPATH_SEARCH_PATHS = (
					"$(inherited)",
					"@executable_path/Frameworks",
				);
				MARKETING_VERSION = 1.0;
				PRODUCT_BUNDLE_IDENTIFIER = mc.viperExample;
				PRODUCT_NAME = "$(TARGET_NAME)";
				SWIFT_EMIT_LOC_STRINGS = YES;
				SWIFT_VERSION = 5.0;
				TARGETED_DEVICE_FAMILY = "1,2";
			};
			name = Release;
		};
		87CA19E427C410BD00A8D915 /* Debug */ = {
			isa = XCBuildConfiguration;
			buildSettings = {
				ALWAYS_EMBED_SWIFT_STANDARD_LIBRARIES = YES;
				BUNDLE_LOADER = "$(TEST_HOST)";
				CODE_SIGN_STYLE = Automatic;
				CURRENT_PROJECT_VERSION = 1;
				GENERATE_INFOPLIST_FILE = YES;
				IPHONEOS_DEPLOYMENT_TARGET = 15.2;
				MARKETING_VERSION = 1.0;
				PRODUCT_BUNDLE_IDENTIFIER = mc.viperExampleTests;
				PRODUCT_NAME = "$(TARGET_NAME)";
				SWIFT_EMIT_LOC_STRINGS = NO;
				SWIFT_VERSION = 5.0;
				TARGETED_DEVICE_FAMILY = "1,2";
				TEST_HOST = "$(BUILT_PRODUCTS_DIR)/viperExample.app/viperExample";
			};
			name = Debug;
		};
		87CA19E527C410BD00A8D915 /* Release */ = {
			isa = XCBuildConfiguration;
			buildSettings = {
				ALWAYS_EMBED_SWIFT_STANDARD_LIBRARIES = YES;
				BUNDLE_LOADER = "$(TEST_HOST)";
				CODE_SIGN_STYLE = Automatic;
				CURRENT_PROJECT_VERSION = 1;
				GENERATE_INFOPLIST_FILE = YES;
				IPHONEOS_DEPLOYMENT_TARGET = 15.2;
				MARKETING_VERSION = 1.0;
				PRODUCT_BUNDLE_IDENTIFIER = mc.viperExampleTests;
				PRODUCT_NAME = "$(TARGET_NAME)";
				SWIFT_EMIT_LOC_STRINGS = NO;
				SWIFT_VERSION = 5.0;
				TARGETED_DEVICE_FAMILY = "1,2";
				TEST_HOST = "$(BUILT_PRODUCTS_DIR)/viperExample.app/viperExample";
			};
			name = Release;
		};
		87CA19E727C410BD00A8D915 /* Debug */ = {
			isa = XCBuildConfiguration;
			buildSettings = {
				ALWAYS_EMBED_SWIFT_STANDARD_LIBRARIES = YES;
				CODE_SIGN_STYLE = Automatic;
				CURRENT_PROJECT_VERSION = 1;
				GENERATE_INFOPLIST_FILE = YES;
				MARKETING_VERSION = 1.0;
				PRODUCT_BUNDLE_IDENTIFIER = mc.viperExampleUITests;
				PRODUCT_NAME = "$(TARGET_NAME)";
				SWIFT_EMIT_LOC_STRINGS = NO;
				SWIFT_VERSION = 5.0;
				TARGETED_DEVICE_FAMILY = "1,2";
				TEST_TARGET_NAME = viperExample;
			};
			name = Debug;
		};
		87CA19E827C410BD00A8D915 /* Release */ = {
			isa = XCBuildConfiguration;
			buildSettings = {
				ALWAYS_EMBED_SWIFT_STANDARD_LIBRARIES = YES;
				CODE_SIGN_STYLE = Automatic;
				CURRENT_PROJECT_VERSION = 1;
				GENERATE_INFOPLIST_FILE = YES;
				MARKETING_VERSION = 1.0;
				PRODUCT_BUNDLE_IDENTIFIER = mc.viperExampleUITests;
				PRODUCT_NAME = "$(TARGET_NAME)";
				SWIFT_EMIT_LOC_STRINGS = NO;
				SWIFT_VERSION = 5.0;
				TARGETED_DEVICE_FAMILY = "1,2";
				TEST_TARGET_NAME = viperExample;
			};
			name = Release;
		};
/* End XCBuildConfiguration section */

/* Begin XCConfigurationList section */
		87CA19B727C410BA00A8D915 /* Build configuration list for PBXProject "viperExample" */ = {
			isa = XCConfigurationList;
			buildConfigurations = (
				87CA19DE27C410BD00A8D915 /* Debug */,
				87CA19DF27C410BD00A8D915 /* Release */,
			);
			defaultConfigurationIsVisible = 0;
			defaultConfigurationName = Release;
		};
		87CA19E027C410BD00A8D915 /* Build configuration list for PBXNativeTarget "viperExample" */ = {
			isa = XCConfigurationList;
			buildConfigurations = (
				87CA19E127C410BD00A8D915 /* Debug */,
				87CA19E227C410BD00A8D915 /* Release */,
			);
			defaultConfigurationIsVisible = 0;
			defaultConfigurationName = Release;
		};
		87CA19E327C410BD00A8D915 /* Build configuration list for PBXNativeTarget "viperExampleTests" */ = {
			isa = XCConfigurationList;
			buildConfigurations = (
				87CA19E427C410BD00A8D915 /* Debug */,
				87CA19E527C410BD00A8D915 /* Release */,
			);
			defaultConfigurationIsVisible = 0;
			defaultConfigurationName = Release;
		};
		87CA19E627C410BD00A8D915 /* Build configuration list for PBXNativeTarget "viperExampleUITests" */ = {
			isa = XCConfigurationList;
			buildConfigurations = (
				87CA19E727C410BD00A8D915 /* Debug */,
				87CA19E827C410BD00A8D915 /* Release */,
			);
			defaultConfigurationIsVisible = 0;
			defaultConfigurationName = Release;
		};
/* End XCConfigurationList section */

/* Begin XCRemoteSwiftPackageReference section */
		87CA19E927C410E000A8D915 /* XCRemoteSwiftPackageReference "swiftui-navigation-stack" */ = {
			isa = XCRemoteSwiftPackageReference;
			repositoryURL = "https://github.com/matteopuc/swiftui-navigation-stack";
			requirement = {
				kind = upToNextMajorVersion;
				minimumVersion = 1.0.0;
			};
		};
/* End XCRemoteSwiftPackageReference section */

/* Begin XCSwiftPackageProductDependency section */
		87CA19EA27C410E000A8D915 /* NavigationStack */ = {
			isa = XCSwiftPackageProductDependency;
			package = 87CA19E927C410E000A8D915 /* XCRemoteSwiftPackageReference "swiftui-navigation-stack" */;
			productName = NavigationStack;
		};
/* End XCSwiftPackageProductDependency section */
	};
	rootObject = 87CA19B427C410BA00A8D915 /* Project object */;
}
